dependencies:
- name: postgres
  repository: file://charts/postgres
  version: 0.1.0
- name: keydb
  repository: file://charts/keydb
  version: 0.1.0
- name: zookeeper
  repository: file://charts/zookeeper
  version: 0.1.0
- name: kafka
  repository: file://charts/kafka
  version: 0.1.0
- name: schema-registry
  repository: file://charts/schema-registry
  version: 0.1.0
- name: clickhouse
  repository: file://charts/clickhouse
  version: 0.1.0
- name: opensearch
  repository: file://charts/opensearch
  version: 0.1.0
digest: sha256:b04d68edf60a9abb23992a4f0a063ae5d1c9216059678897744785dc9b21839d
generated: "2024-08-29T14:57:37.0260979+07:00"
